
Microsoft Visual Studio Solution File, Format Version 12.00
# Visual Studio Version 16
VisualStudioVersion = 16.0.30225.117
MinimumVisualStudioVersion = 10.0.40219.1
Project("{FAE04EC0-301F-11D3-BF4B-00C04F79EFBC}") = "CRUD-DataGridView", "CRUD-DataGridView.csproj", "{0149673D-9344-4C85-BDAA-F2DE95C22B08}"
EndProject
Global
	GlobalSection(SolutionConfigurationPlatforms) = preSolution
		Debug|Any CPU = Debug|Any CPU
		Release|Any CPU = Release|Any CPU
	EndGlobalSection
	GlobalSection(ProjectConfigurationPlatforms) = postSolution
		{0149673D-9344-4C85-BDAA-F2DE95C22B08}.Debug|Any CPU.ActiveCfg = Debug|Any CPU
		{0149673D-9344-4C85-BDAA-F2DE95C22B08}.Debug|Any CPU.Build.0 = Debug|Any CPU
		{0149673D-9344-4C85-BDAA-F2DE95C22B08}.Release|Any CPU.ActiveCfg = Release|Any CPU
		{0149673D-9344-4C85-BDAA-F2DE95C22B08}.Release|Any CPU.Build.0 = Release|Any CPU
	EndGlobalSection
	GlobalSection(SolutionProperties) = preSolution
		HideSolutionNode = FALSE
	EndGlobalSection
	GlobalSection(ExtensibilityGlobals) = postSolution
		SolutionGuid = {59290FA5-21B7-4821-B8CF-2081153FCCD3}
	EndGlobalSection
EndGlobal
